
Microsoft Visual Studio Solution File, Format Version 12.00
# Visual Studio Version 16
VisualStudioVersion = 16.0.31402.337
MinimumVisualStudioVersion = 10.0.40219.1
Project("{2150E333-8FDC-42A3-9474-1A3956D46DE8}") = "Microservices", "Microservices", "{5C5F23A0-5C1F-4E7E-8B82-BED335D1B9E0}"
EndProject
Project("{2150E333-8FDC-42A3-9474-1A3956D46DE8}") = "Domain", "Domain", "{CA10B624-E587-4180-AEBE-6B7ECDFF7BF6}"
EndProject
Project("{2150E333-8FDC-42A3-9474-1A3956D46DE8}") = "Infra.Bus", "Infra.Bus", "{B2C7FC10-B831-4A97-A0C4-B3BF672E0E64}"
EndProject
Project("{2150E333-8FDC-42A3-9474-1A3956D46DE8}") = "Infra.IoC", "Infra.IoC", "{DBC50645-8DE8-4CB4-BD31-83CD298EFA9C}"
EndProject
Project("{2150E333-8FDC-42A3-9474-1A3956D46DE8}") = "Presentation", "Presentation", "{A9040DC3-B188-4907-82DA-9D567B82D34A}"
EndProject
Project("{FAE04EC0-301F-11D3-BF4B-00C04F79EFBC}") = "MicroserviceRabbitMQ.Domain.Core", "MicroserviceRabbitMQ.Domain.Core\MicroserviceRabbitMQ.Domain.Core.csproj", "{AC3C09C7-1DFD-473D-9BA4-8FD30AB45E65}"
EndProject
Project("{FAE04EC0-301F-11D3-BF4B-00C04F79EFBC}") = "MicroserviceRabbitMQ.Infra.Bus", "MicroserviceRabbitMQ.Infra.Bus\MicroserviceRabbitMQ.Infra.Bus.csproj", "{FC7153A1-0395-43A1-A8D5-9AABEC5AC0B9}"
EndProject
Global
	GlobalSection(SolutionConfigurationPlatforms) = preSolution
		Debug|Any CPU = Debug|Any CPU
		Release|Any CPU = Release|Any CPU
	EndGlobalSection
	GlobalSection(ProjectConfigurationPlatforms) = postSolution
		{AC3C09C7-1DFD-473D-9BA4-8FD30AB45E65}.Debug|Any CPU.ActiveCfg = Debug|Any CPU
		{AC3C09C7-1DFD-473D-9BA4-8FD30AB45E65}.Debug|Any CPU.Build.0 = Debug|Any CPU
		{AC3C09C7-1DFD-473D-9BA4-8FD30AB45E65}.Release|Any CPU.ActiveCfg = Release|Any CPU
		{AC3C09C7-1DFD-473D-9BA4-8FD30AB45E65}.Release|Any CPU.Build.0 = Release|Any CPU
		{FC7153A1-0395-43A1-A8D5-9AABEC5AC0B9}.Debug|Any CPU.ActiveCfg = Debug|Any CPU
		{FC7153A1-0395-43A1-A8D5-9AABEC5AC0B9}.Debug|Any CPU.Build.0 = Debug|Any CPU
		{FC7153A1-0395-43A1-A8D5-9AABEC5AC0B9}.Release|Any CPU.ActiveCfg = Release|Any CPU
		{FC7153A1-0395-43A1-A8D5-9AABEC5AC0B9}.Release|Any CPU.Build.0 = Release|Any CPU
	EndGlobalSection
	GlobalSection(SolutionProperties) = preSolution
		HideSolutionNode = FALSE
	EndGlobalSection
	GlobalSection(NestedProjects) = preSolution
		{AC3C09C7-1DFD-473D-9BA4-8FD30AB45E65} = {CA10B624-E587-4180-AEBE-6B7ECDFF7BF6}
		{FC7153A1-0395-43A1-A8D5-9AABEC5AC0B9} = {B2C7FC10-B831-4A97-A0C4-B3BF672E0E64}
	EndGlobalSection
	GlobalSection(ExtensibilityGlobals) = postSolution
		SolutionGuid = {AC37345B-C579-4132-BC8C-7FFAA6879E30}
	EndGlobalSection
EndGlobal
